// !$*UTF8*$!
{
	archiveVersion = 1;
	classes = {
	};
	objectVersion = 46;
	objects = {

/* Begin PBXBuildFile section */
		8BB557F61DCF048200D6202A /* Board.swift in Sources */ = {isa = PBXBuildFile; fileRef = 8BB557EF1DCF048200D6202A /* Board.swift */; };
		8BB557F71DCF048200D6202A /* BoardBuilder.swift in Sources */ = {isa = PBXBuildFile; fileRef = 8BB557F01DCF048200D6202A /* BoardBuilder.swift */; };
		8BB557F81DCF048200D6202A /* BoardMediator.swift in Sources */ = {isa = PBXBuildFile; fileRef = 8BB557F11DCF048200D6202A /* BoardMediator.swift */; };
		8BB557F91DCF048200D6202A /* BoardRepresentation.swift in Sources */ = {isa = PBXBuildFile; fileRef = 8BB557F21DCF048200D6202A /* BoardRepresentation.swift */; };
		8BB557FA1DCF048200D6202A /* FasterBitBoard.swift in Sources */ = {isa = PBXBuildFile; fileRef = 8BB557F31DCF048200D6202A /* FasterBitBoard.swift */; };
		8BB557FB1DCF048200D6202A /* SimpleBitBoard.swift in Sources */ = {isa = PBXBuildFile; fileRef = 8BB557F41DCF048200D6202A /* SimpleBitBoard.swift */; };
		8BB557FC1DCF048200D6202A /* Zones.swift in Sources */ = {isa = PBXBuildFile; fileRef = 8BB557F51DCF048200D6202A /* Zones.swift */; };
		8BB557FE1DCF049500D6202A /* EdaxProtocol.swift in Sources */ = {isa = PBXBuildFile; fileRef = 8BB557FD1DCF049500D6202A /* EdaxProtocol.swift */; };
		8BB558021DCF04AD00D6202A /* ClassicalEvaluator.swift in Sources */ = {isa = PBXBuildFile; fileRef = 8BB557FF1DCF04AD00D6202A /* ClassicalEvaluator.swift */; };
		8BB558031DCF04AD00D6202A /* Evaluator.swift in Sources */ = {isa = PBXBuildFile; fileRef = 8BB558001DCF04AD00D6202A /* Evaluator.swift */; };
		8BB558041DCF04AD00D6202A /* SimpleEvaluator.swift in Sources */ = {isa = PBXBuildFile; fileRef = 8BB558011DCF04AD00D6202A /* SimpleEvaluator.swift */; };
		8BB558071DCF04C600D6202A /* ProofSolver.swift in Sources */ = {isa = PBXBuildFile; fileRef = 8BB558051DCF04C600D6202A /* ProofSolver.swift */; };
		8BB558081DCF04C600D6202A /* SimpleProofSolver.swift in Sources */ = {isa = PBXBuildFile; fileRef = 8BB558061DCF04C600D6202A /* SimpleProofSolver.swift */; };
		8BB5580B1DCF04D200D6202A /* NegaAlphaSearch.swift in Sources */ = {isa = PBXBuildFile; fileRef = 8BB558091DCF04D200D6202A /* NegaAlphaSearch.swift */; };
		8BB5580C1DCF04D200D6202A /* Search.swift in Sources */ = {isa = PBXBuildFile; fileRef = 8BB5580A1DCF04D200D6202A /* Search.swift */; };
		8BB558171DCF04F400D6202A /* GreedyThink.swift in Sources */ = {isa = PBXBuildFile; fileRef = 8BB5580D1DCF04F400D6202A /* GreedyThink.swift */; };
		8BB558181DCF04F400D6202A /* Info.swift in Sources */ = {isa = PBXBuildFile; fileRef = 8BB5580E1DCF04F400D6202A /* Info.swift */; };
		8BB558191DCF04F400D6202A /* LeftyThink.swift in Sources */ = {isa = PBXBuildFile; fileRef = 8BB5580F1DCF04F400D6202A /* LeftyThink.swift */; };
		8BB5581A1DCF04F400D6202A /* RandomWithPNSThink.swift in Sources */ = {isa = PBXBuildFile; fileRef = 8BB558101DCF04F400D6202A /* RandomWithPNSThink.swift */; };
		8BB5581B1DCF04F400D6202A /* RandomWithWeightsThink.swift in Sources */ = {isa = PBXBuildFile; fileRef = 8BB558111DCF04F400D6202A /* RandomWithWeightsThink.swift */; };
		8BB5581C1DCF04F400D6202A /* SearchEvalThink.swift in Sources */ = {isa = PBXBuildFile; fileRef = 8BB558121DCF04F400D6202A /* SearchEvalThink.swift */; };
		8BB5581D1DCF04F400D6202A /* SimpleSearchStaticEvaluationThink.swift in Sources */ = {isa = PBXBuildFile; fileRef = 8BB558131DCF04F400D6202A /* SimpleSearchStaticEvaluationThink.swift */; };
		8BB5581E1DCF04F400D6202A /* SwingThink.swift in Sources */ = {isa = PBXBuildFile; fileRef = 8BB558141DCF04F400D6202A /* SwingThink.swift */; };
		8BB5581F1DCF04F400D6202A /* Think.swift in Sources */ = {isa = PBXBuildFile; fileRef = 8BB558151DCF04F400D6202A /* Think.swift */; };
		8BB558201DCF04F400D6202A /* TreeSearchWithPerturbationThink.swift in Sources */ = {isa = PBXBuildFile; fileRef = 8BB558161DCF04F400D6202A /* TreeSearchWithPerturbationThink.swift */; };
		8BB558231DCF052200D6202A /* Stack.swift in Sources */ = {isa = PBXBuildFile; fileRef = 8BB558211DCF052200D6202A /* Stack.swift */; };
		8BB558241DCF052200D6202A /* Utils.swift in Sources */ = {isa = PBXBuildFile; fileRef = 8BB558221DCF052200D6202A /* Utils.swift */; };
		8BB5583A1DCF073D00D6202A /* Intrinsics.c in Sources */ = {isa = PBXBuildFile; fileRef = 8BB558271DCF056300D6202A /* Intrinsics.c */; };
		_LinkFileRef_Graphene_via_GrapheneTestSuite /* Graphene.framework in Frameworks */ = {isa = PBXBuildFile; fileRef = "_____Product_Graphene" /* Graphene.framework */; };
		__src_cc_ref_Tests/Graphene/GrapheneTests.swift /* GrapheneTests.swift in Sources */ = {isa = PBXBuildFile; fileRef = __PBXFileRef_Tests/Graphene/GrapheneTests.swift /* GrapheneTests.swift */; };
/* End PBXBuildFile section */

/* Begin PBXContainerItemProxy section */
		8B1136361DC621AB002F2748 /* PBXContainerItemProxy */ = {
			isa = PBXContainerItemProxy;
			containerPortal = __RootObject_ /* Project object */;
			proxyType = 1;
			remoteGlobalIDString = "______Target_Graphene";
			remoteInfo = Graphene;
		};
/* End PBXContainerItemProxy section */

/* Begin PBXFileReference section */
		8BB557EF1DCF048200D6202A /* Board.swift */ = {isa = PBXFileReference; fileEncoding = 4; lastKnownFileType = sourcecode.swift; name = Board.swift; path = Sources/Graphene/Board.swift; sourceTree = SOURCE_ROOT; };
		8BB557F01DCF048200D6202A /* BoardBuilder.swift */ = {isa = PBXFileReference; fileEncoding = 4; lastKnownFileType = sourcecode.swift; name = BoardBuilder.swift; path = Sources/Graphene/BoardBuilder.swift; sourceTree = SOURCE_ROOT; };
		8BB557F11DCF048200D6202A /* BoardMediator.swift */ = {isa = PBXFileReference; fileEncoding = 4; lastKnownFileType = sourcecode.swift; name = BoardMediator.swift; path = Sources/Graphene/BoardMediator.swift; sourceTree = SOURCE_ROOT; };
		8BB557F21DCF048200D6202A /* BoardRepresentation.swift */ = {isa = PBXFileReference; fileEncoding = 4; lastKnownFileType = sourcecode.swift; name = BoardRepresentation.swift; path = Sources/Graphene/BoardRepresentation.swift; sourceTree = SOURCE_ROOT; };
		8BB557F31DCF048200D6202A /* FasterBitBoard.swift */ = {isa = PBXFileReference; fileEncoding = 4; lastKnownFileType = sourcecode.swift; name = FasterBitBoard.swift; path = Sources/Graphene/FasterBitBoard.swift; sourceTree = SOURCE_ROOT; };
		8BB557F41DCF048200D6202A /* SimpleBitBoard.swift */ = {isa = PBXFileReference; fileEncoding = 4; lastKnownFileType = sourcecode.swift; name = SimpleBitBoard.swift; path = Sources/Graphene/SimpleBitBoard.swift; sourceTree = SOURCE_ROOT; };
		8BB557F51DCF048200D6202A /* Zones.swift */ = {isa = PBXFileReference; fileEncoding = 4; lastKnownFileType = sourcecode.swift; name = Zones.swift; path = Sources/Graphene/Zones.swift; sourceTree = SOURCE_ROOT; };
		8BB557FD1DCF049500D6202A /* EdaxProtocol.swift */ = {isa = PBXFileReference; fileEncoding = 4; lastKnownFileType = sourcecode.swift; name = EdaxProtocol.swift; path = Sources/Graphene/EdaxProtocol.swift; sourceTree = SOURCE_ROOT; };
		8BB557FF1DCF04AD00D6202A /* ClassicalEvaluator.swift */ = {isa = PBXFileReference; fileEncoding = 4; lastKnownFileType = sourcecode.swift; name = ClassicalEvaluator.swift; path = Sources/Graphene/ClassicalEvaluator.swift; sourceTree = SOURCE_ROOT; };
		8BB558001DCF04AD00D6202A /* Evaluator.swift */ = {isa = PBXFileReference; fileEncoding = 4; lastKnownFileType = sourcecode.swift; name = Evaluator.swift; path = Sources/Graphene/Evaluator.swift; sourceTree = SOURCE_ROOT; };
		8BB558011DCF04AD00D6202A /* SimpleEvaluator.swift */ = {isa = PBXFileReference; fileEncoding = 4; lastKnownFileType = sourcecode.swift; name = SimpleEvaluator.swift; path = Sources/Graphene/SimpleEvaluator.swift; sourceTree = SOURCE_ROOT; };
		8BB558051DCF04C600D6202A /* ProofSolver.swift */ = {isa = PBXFileReference; fileEncoding = 4; lastKnownFileType = sourcecode.swift; name = ProofSolver.swift; path = Sources/Graphene/ProofSolver.swift; sourceTree = SOURCE_ROOT; };
		8BB558061DCF04C600D6202A /* SimpleProofSolver.swift */ = {isa = PBXFileReference; fileEncoding = 4; lastKnownFileType = sourcecode.swift; name = SimpleProofSolver.swift; path = Sources/Graphene/SimpleProofSolver.swift; sourceTree = SOURCE_ROOT; };
		8BB558091DCF04D200D6202A /* NegaAlphaSearch.swift */ = {isa = PBXFileReference; fileEncoding = 4; lastKnownFileType = sourcecode.swift; name = NegaAlphaSearch.swift; path = Sources/Graphene/NegaAlphaSearch.swift; sourceTree = SOURCE_ROOT; };
		8BB5580A1DCF04D200D6202A /* Search.swift */ = {isa = PBXFileReference; fileEncoding = 4; lastKnownFileType = sourcecode.swift; name = Search.swift; path = Sources/Graphene/Search.swift; sourceTree = SOURCE_ROOT; };
		8BB5580D1DCF04F400D6202A /* GreedyThink.swift */ = {isa = PBXFileReference; fileEncoding = 4; lastKnownFileType = sourcecode.swift; name = GreedyThink.swift; path = Sources/Graphene/GreedyThink.swift; sourceTree = SOURCE_ROOT; };
		8BB5580E1DCF04F400D6202A /* Info.swift */ = {isa = PBXFileReference; fileEncoding = 4; lastKnownFileType = sourcecode.swift; name = Info.swift; path = Sources/Graphene/Info.swift; sourceTree = SOURCE_ROOT; };
		8BB5580F1DCF04F400D6202A /* LeftyThink.swift */ = {isa = PBXFileReference; fileEncoding = 4; lastKnownFileType = sourcecode.swift; name = LeftyThink.swift; path = Sources/Graphene/LeftyThink.swift; sourceTree = SOURCE_ROOT; };
		8BB558101DCF04F400D6202A /* RandomWithPNSThink.swift */ = {isa = PBXFileReference; fileEncoding = 4; lastKnownFileType = sourcecode.swift; name = RandomWithPNSThink.swift; path = Sources/Graphene/RandomWithPNSThink.swift; sourceTree = SOURCE_ROOT; };
		8BB558111DCF04F400D6202A /* RandomWithWeightsThink.swift */ = {isa = PBXFileReference; fileEncoding = 4; lastKnownFileType = sourcecode.swift; name = RandomWithWeightsThink.swift; path = Sources/Graphene/RandomWithWeightsThink.swift; sourceTree = SOURCE_ROOT; };
		8BB558121DCF04F400D6202A /* SearchEvalThink.swift */ = {isa = PBXFileReference; fileEncoding = 4; lastKnownFileType = sourcecode.swift; name = SearchEvalThink.swift; path = Sources/Graphene/SearchEvalThink.swift; sourceTree = SOURCE_ROOT; };
		8BB558131DCF04F400D6202A /* SimpleSearchStaticEvaluationThink.swift */ = {isa = PBXFileReference; fileEncoding = 4; lastKnownFileType = sourcecode.swift; name = SimpleSearchStaticEvaluationThink.swift; path = Sources/Graphene/SimpleSearchStaticEvaluationThink.swift; sourceTree = SOURCE_ROOT; };
		8BB558141DCF04F400D6202A /* SwingThink.swift */ = {isa = PBXFileReference; fileEncoding = 4; lastKnownFileType = sourcecode.swift; name = SwingThink.swift; path = Sources/Graphene/SwingThink.swift; sourceTree = SOURCE_ROOT; };
		8BB558151DCF04F400D6202A /* Think.swift */ = {isa = PBXFileReference; fileEncoding = 4; lastKnownFileType = sourcecode.swift; name = Think.swift; path = Sources/Graphene/Think.swift; sourceTree = SOURCE_ROOT; };
		8BB558161DCF04F400D6202A /* TreeSearchWithPerturbationThink.swift */ = {isa = PBXFileReference; fileEncoding = 4; lastKnownFileType = sourcecode.swift; name = TreeSearchWithPerturbationThink.swift; path = Sources/Graphene/TreeSearchWithPerturbationThink.swift; sourceTree = SOURCE_ROOT; };
		8BB558211DCF052200D6202A /* Stack.swift */ = {isa = PBXFileReference; fileEncoding = 4; lastKnownFileType = sourcecode.swift; name = Stack.swift; path = Sources/Graphene/Stack.swift; sourceTree = SOURCE_ROOT; };
		8BB558221DCF052200D6202A /* Utils.swift */ = {isa = PBXFileReference; fileEncoding = 4; lastKnownFileType = sourcecode.swift; name = Utils.swift; path = Sources/Graphene/Utils.swift; sourceTree = SOURCE_ROOT; };
		8BB558271DCF056300D6202A /* Intrinsics.c */ = {isa = PBXFileReference; fileEncoding = 4; lastKnownFileType = sourcecode.c.c; path = Intrinsics.c; sourceTree = "<group>"; };
		8BB558311DCF06D700D6202A /* Intrinsics.h */ = {isa = PBXFileReference; lastKnownFileType = sourcecode.c.h; path = Intrinsics.h; sourceTree = "<group>"; };
		8BB558321DCF06D700D6202A /* Info.plist */ = {isa = PBXFileReference; lastKnownFileType = text.plist.xml; path = Info.plist; sourceTree = "<group>"; };
		8BB5583C1DCF0B1400D6202A /* Intrinsics.h */ = {isa = PBXFileReference; lastKnownFileType = sourcecode.c.h; name = Intrinsics.h; path = include/Intrinsics.h; sourceTree = "<group>"; };
		__PBXFileRef_Graphene.xcodeproj/Configs/Project.xcconfig /* Project.xcconfig */ = {isa = PBXFileReference; lastKnownFileType = text.xcconfig; name = Project.xcconfig; path = Graphene.xcodeproj/Configs/Project.xcconfig; sourceTree = "<group>"; };
		__PBXFileRef_GrapheneTestSuite_Info.plist /* GrapheneTestSuite_Info.plist */ = {isa = PBXFileReference; lastKnownFileType = text.plist.xml; name = GrapheneTestSuite_Info.plist; path = Graphene.xcodeproj/GrapheneTestSuite_Info.plist; sourceTree = SOURCE_ROOT; };
		__PBXFileRef_Graphene_Info.plist /* Graphene_Info.plist */ = {isa = PBXFileReference; lastKnownFileType = text.plist.xml; name = Graphene_Info.plist; path = Graphene.xcodeproj/Graphene_Info.plist; sourceTree = SOURCE_ROOT; };
		__PBXFileRef_Package.swift /* Package.swift */ = {isa = PBXFileReference; lastKnownFileType = sourcecode.swift; path = Package.swift; sourceTree = "<group>"; };
		__PBXFileRef_Tests/Graphene/GrapheneTests.swift /* GrapheneTests.swift */ = {isa = PBXFileReference; lastKnownFileType = sourcecode.swift; path = GrapheneTests.swift; sourceTree = "<group>"; };
		"_____Product_Graphene" /* Graphene.framework */ = {isa = PBXFileReference; explicitFileType = wrapper.framework; path = Graphene.framework; sourceTree = BUILT_PRODUCTS_DIR; };
		"_____Product_GrapheneTestSuite" /* GrapheneTestSuite.xctest */ = {isa = PBXFileReference; explicitFileType = wrapper.cfbundle; path = GrapheneTestSuite.xctest; sourceTree = BUILT_PRODUCTS_DIR; };
/* End PBXFileReference section */

/* Begin PBXFrameworksBuildPhase section */
		"___LinkPhase_Graphene" /* Frameworks */ = {
			isa = PBXFrameworksBuildPhase;
			buildActionMask = 0;
			files = (
			);
			runOnlyForDeploymentPostprocessing = 0;
		};
		"___LinkPhase_GrapheneTestSuite" /* Frameworks */ = {
			isa = PBXFrameworksBuildPhase;
			buildActionMask = 0;
			files = (
				_LinkFileRef_Graphene_via_GrapheneTestSuite /* Graphene.framework in Frameworks */,
			);
			runOnlyForDeploymentPostprocessing = 0;
		};
/* End PBXFrameworksBuildPhase section */

/* Begin PBXGroup section */
		8B1136371DC621D3002F2748 /* Board */ = {
			isa = PBXGroup;
			children = (
				8BB557EF1DCF048200D6202A /* Board.swift */,
				8BB557F01DCF048200D6202A /* BoardBuilder.swift */,
				8BB557F11DCF048200D6202A /* BoardMediator.swift */,
				8BB557F21DCF048200D6202A /* BoardRepresentation.swift */,
				8BB557F31DCF048200D6202A /* FasterBitBoard.swift */,
				8BB557F41DCF048200D6202A /* SimpleBitBoard.swift */,
				8BB557F51DCF048200D6202A /* Zones.swift */,
			);
			path = Board;
			sourceTree = "<group>";
		};
		8B11363F1DC621D3002F2748 /* Communication */ = {
			isa = PBXGroup;
			children = (
				8BB557FD1DCF049500D6202A /* EdaxProtocol.swift */,
			);
			path = Communication;
			sourceTree = "<group>";
		};
		8B1136411DC621D3002F2748 /* Evaluator */ = {
			isa = PBXGroup;
			children = (
				8BB557FF1DCF04AD00D6202A /* ClassicalEvaluator.swift */,
				8BB558001DCF04AD00D6202A /* Evaluator.swift */,
				8BB558011DCF04AD00D6202A /* SimpleEvaluator.swift */,
			);
			path = Evaluator;
			sourceTree = "<group>";
		};
		8B1136451DC621D3002F2748 /* Intrinsics */ = {
			isa = PBXGroup;
			children = (
				8BB5583C1DCF0B1400D6202A /* Intrinsics.h */,
				8BB558271DCF056300D6202A /* Intrinsics.c */,
			);
			path = Intrinsics;
			sourceTree = "<group>";
		};
		8B1136491DC621D3002F2748 /* ProofSolver */ = {
			isa = PBXGroup;
			children = (
				8BB558051DCF04C600D6202A /* ProofSolver.swift */,
				8BB558061DCF04C600D6202A /* SimpleProofSolver.swift */,
			);
			path = ProofSolver;
			sourceTree = "<group>";
		};
		8B11364C1DC621D3002F2748 /* Search */ = {
			isa = PBXGroup;
			children = (
				8BB558091DCF04D200D6202A /* NegaAlphaSearch.swift */,
				8BB5580A1DCF04D200D6202A /* Search.swift */,
			);
			path = Search;
			sourceTree = "<group>";
		};
		8B1136501DC621D3002F2748 /* Think */ = {
			isa = PBXGroup;
			children = (
				8BB5580D1DCF04F400D6202A /* GreedyThink.swift */,
				8BB5580E1DCF04F400D6202A /* Info.swift */,
				8BB5580F1DCF04F400D6202A /* LeftyThink.swift */,
				8BB558101DCF04F400D6202A /* RandomWithPNSThink.swift */,
				8BB558111DCF04F400D6202A /* RandomWithWeightsThink.swift */,
				8BB558121DCF04F400D6202A /* SearchEvalThink.swift */,
				8BB558131DCF04F400D6202A /* SimpleSearchStaticEvaluationThink.swift */,
				8BB558141DCF04F400D6202A /* SwingThink.swift */,
				8BB558151DCF04F400D6202A /* Think.swift */,
				8BB558161DCF04F400D6202A /* TreeSearchWithPerturbationThink.swift */,
			);
			path = Think;
			sourceTree = "<group>";
		};
		8B1136541DC621D3002F2748 /* Utils */ = {
			isa = PBXGroup;
			children = (
				8BB558211DCF052200D6202A /* Stack.swift */,
				8BB558221DCF052200D6202A /* Utils.swift */,
			);
			path = Utils;
			sourceTree = "<group>";
		};
		8BB558301DCF06D700D6202A /* Intrinsics */ = {
			isa = PBXGroup;
			children = (
				8BB558311DCF06D700D6202A /* Intrinsics.h */,
				8BB558321DCF06D700D6202A /* Info.plist */,
			);
			path = Intrinsics;
			sourceTree = "<group>";
		};
		TestProducts_ /* Tests */ = {
			isa = PBXGroup;
			children = (
				"_____Product_GrapheneTestSuite" /* GrapheneTestSuite.xctest */,
			);
			name = Tests;
			sourceTree = "<group>";
		};
		"___RootGroup_" = {
			isa = PBXGroup;
			children = (
				__PBXFileRef_Package.swift /* Package.swift */,
				"_____Configs_" /* Configs */,
				"_____Sources_" /* Sources */,
				"_______Tests_" /* Tests */,
				8BB558301DCF06D700D6202A /* Intrinsics */,
				"____Products_" /* Products */,
			);
			sourceTree = "<group>";
		};
		"____Products_" /* Products */ = {
			isa = PBXGroup;
			children = (
				TestProducts_ /* Tests */,
				"_____Product_Graphene" /* Graphene.framework */,
			);
			name = Products;
			sourceTree = "<group>";
		};
		"_____Configs_" /* Configs */ = {
			isa = PBXGroup;
			children = (
				__PBXFileRef_Graphene.xcodeproj/Configs/Project.xcconfig /* Project.xcconfig */,
			);
			name = Configs;
			sourceTree = "<group>";
		};
		"_____Sources_" /* Sources */ = {
			isa = PBXGroup;
			children = (
				"_______Group_Graphene" /* Graphene */,
			);
			name = Sources;
			sourceTree = "<group>";
		};
		"_______Group_Graphene" /* Graphene */ = {
			isa = PBXGroup;
			children = (
				8B1136371DC621D3002F2748 /* Board */,
				8B11363F1DC621D3002F2748 /* Communication */,
				8B1136411DC621D3002F2748 /* Evaluator */,
				8B1136451DC621D3002F2748 /* Intrinsics */,
				8B1136491DC621D3002F2748 /* ProofSolver */,
				8B11364C1DC621D3002F2748 /* Search */,
				8B1136501DC621D3002F2748 /* Think */,
				8B1136541DC621D3002F2748 /* Utils */,
				__PBXFileRef_Graphene_Info.plist /* Graphene_Info.plist */,
			);
			name = Graphene;
			path = Sources;
			sourceTree = "<group>";
		};
		"_______Group_GrapheneTestSuite" /* GrapheneTestSuite */ = {
			isa = PBXGroup;
			children = (
				__PBXFileRef_Tests/Graphene/GrapheneTests.swift /* GrapheneTests.swift */,
				__PBXFileRef_GrapheneTestSuite_Info.plist /* GrapheneTestSuite_Info.plist */,
			);
			name = GrapheneTestSuite;
			path = Tests/Graphene;
			sourceTree = "<group>";
		};
		"_______Tests_" /* Tests */ = {
			isa = PBXGroup;
			children = (
				"_______Group_GrapheneTestSuite" /* GrapheneTestSuite */,
			);
			name = Tests;
			sourceTree = "<group>";
		};
/* End PBXGroup section */

/* Begin PBXNativeTarget section */
		"______Target_Graphene" /* Graphene */ = {
			isa = PBXNativeTarget;
			buildConfigurationList = "_______Confs_Graphene" /* Build configuration list for PBXNativeTarget "Graphene" */;
			buildPhases = (
				CompilePhase_Graphene /* Sources */,
				"___LinkPhase_Graphene" /* Frameworks */,
			);
			buildRules = (
			);
			dependencies = (
			);
			name = Graphene;
			productName = Graphene;
			productReference = "_____Product_Graphene" /* Graphene.framework */;
			productType = "com.apple.product-type.framework";
		};
		"______Target_GrapheneTestSuite" /* GrapheneTestSuite */ = {
			isa = PBXNativeTarget;
			buildConfigurationList = "_______Confs_GrapheneTestSuite" /* Build configuration list for PBXNativeTarget "GrapheneTestSuite" */;
			buildPhases = (
				CompilePhase_GrapheneTestSuite /* Sources */,
				"___LinkPhase_GrapheneTestSuite" /* Frameworks */,
			);
			buildRules = (
			);
			dependencies = (
				__Dependency_Graphene /* PBXTargetDependency */,
			);
			name = GrapheneTestSuite;
			productName = GrapheneTestSuite;
			productReference = "_____Product_GrapheneTestSuite" /* GrapheneTestSuite.xctest */;
			productType = "com.apple.product-type.bundle.unit-test";
		};
/* End PBXNativeTarget section */

/* Begin PBXProject section */
		__RootObject_ /* Project object */ = {
			isa = PBXProject;
			attributes = {
				LastUpgradeCheck = 9999;
				TargetAttributes = {
					"______Target_Graphene" = {
						DevelopmentTeam = X946KV89SN;
						LastSwiftMigration = 0810;
						ProvisioningStyle = Manual;
					};
				};
			};
			buildConfigurationList = "___RootConfs_" /* Build configuration list for PBXProject "Graphene" */;
			compatibilityVersion = "Xcode 3.2";
			developmentRegion = English;
			hasScannedForEncodings = 0;
			knownRegions = (
				en,
			);
			mainGroup = "___RootGroup_";
			productRefGroup = "____Products_" /* Products */;
			projectDirPath = "";
			projectRoot = "";
			targets = (
				"______Target_Graphene" /* Graphene */,
				"______Target_GrapheneTestSuite" /* GrapheneTestSuite */,
			);
		};
/* End PBXProject section */

/* Begin PBXSourcesBuildPhase section */
		CompilePhase_Graphene /* Sources */ = {
			isa = PBXSourcesBuildPhase;
			buildActionMask = 0;
			files = (
				8BB5581B1DCF04F400D6202A /* RandomWithWeightsThink.swift in Sources */,
				8BB557FB1DCF048200D6202A /* SimpleBitBoard.swift in Sources */,
				8BB557FA1DCF048200D6202A /* FasterBitBoard.swift in Sources */,
				8BB5581C1DCF04F400D6202A /* SearchEvalThink.swift in Sources */,
				8BB558201DCF04F400D6202A /* TreeSearchWithPerturbationThink.swift in Sources */,
				8BB558241DCF052200D6202A /* Utils.swift in Sources */,
				8BB558181DCF04F400D6202A /* Info.swift in Sources */,
				8BB5581F1DCF04F400D6202A /* Think.swift in Sources */,
				8BB557F71DCF048200D6202A /* BoardBuilder.swift in Sources */,
				8BB558031DCF04AD00D6202A /* Evaluator.swift in Sources */,
				8BB5580B1DCF04D200D6202A /* NegaAlphaSearch.swift in Sources */,
				8BB5581E1DCF04F400D6202A /* SwingThink.swift in Sources */,
				8BB558081DCF04C600D6202A /* SimpleProofSolver.swift in Sources */,
				8BB558071DCF04C600D6202A /* ProofSolver.swift in Sources */,
				8BB5581D1DCF04F400D6202A /* SimpleSearchStaticEvaluationThink.swift in Sources */,
				8BB557F81DCF048200D6202A /* BoardMediator.swift in Sources */,
				8BB558171DCF04F400D6202A /* GreedyThink.swift in Sources */,
				8BB557FC1DCF048200D6202A /* Zones.swift in Sources */,
				8BB557F91DCF048200D6202A /* BoardRepresentation.swift in Sources */,
				8BB5583A1DCF073D00D6202A /* Intrinsics.c in Sources */,
				8BB558041DCF04AD00D6202A /* SimpleEvaluator.swift in Sources */,
				8BB557FE1DCF049500D6202A /* EdaxProtocol.swift in Sources */,
				8BB557F61DCF048200D6202A /* Board.swift in Sources */,
				8BB558231DCF052200D6202A /* Stack.swift in Sources */,
				8BB558191DCF04F400D6202A /* LeftyThink.swift in Sources */,
				8BB5580C1DCF04D200D6202A /* Search.swift in Sources */,
				8BB558021DCF04AD00D6202A /* ClassicalEvaluator.swift in Sources */,
				8BB5581A1DCF04F400D6202A /* RandomWithPNSThink.swift in Sources */,
			);
			runOnlyForDeploymentPostprocessing = 0;
		};
		CompilePhase_GrapheneTestSuite /* Sources */ = {
			isa = PBXSourcesBuildPhase;
			buildActionMask = 0;
			files = (
				__src_cc_ref_Tests/Graphene/GrapheneTests.swift /* GrapheneTests.swift in Sources */,
			);
			runOnlyForDeploymentPostprocessing = 0;
		};
/* End PBXSourcesBuildPhase section */

/* Begin PBXTargetDependency section */
		__Dependency_Graphene /* PBXTargetDependency */ = {
			isa = PBXTargetDependency;
			target = "______Target_Graphene" /* Graphene */;
			targetProxy = 8B1136361DC621AB002F2748 /* PBXContainerItemProxy */;
		};
/* End PBXTargetDependency section */

/* Begin XCBuildConfiguration section */
		_ReleaseConf_Graphene /* Release */ = {
			isa = XCBuildConfiguration;
			buildSettings = {
				CLANG_ENABLE_MODULES = YES;
				CODE_SIGN_IDENTITY = "Mac Developer";
				DEFINES_MODULE = YES;
				DEVELOPMENT_TEAM = X946KV89SN;
				ENABLE_TESTABILITY = YES;
				FRAMEWORK_SEARCH_PATHS = "$(PLATFORM_DIR)/Developer/Library/Frameworks";
				INFOPLIST_FILE = Graphene.xcodeproj/Graphene_Info.plist;
				INSTALL_PATH = "@rpath";
				IPHONEOS_DEPLOYMENT_TARGET = 8.1;
				LD_RUNPATH_SEARCH_PATHS = "$(TOOLCHAIN_DIR)/usr/lib/swift/macosx";
				OTHER_LDFLAGS = "$(inherited)";
				OTHER_SWIFT_FLAGS = "$(inherited)";
				PRODUCT_BUNDLE_IDENTIFIER = com.euphonictech.Graphene;
				PRODUCT_MODULE_NAME = "$(TARGET_NAME:c99extidentifier)";
				PRODUCT_NAME = "$(TARGET_NAME:c99extidentifier)";
				SDKROOT = "";
				SWIFT_VERSION = 3.0;
				VALID_ARCHS = "i386 x86_64 arm64 armv7 armv7s";
			};
			name = Release;
		};
		_ReleaseConf_GrapheneTestSuite /* Release */ = {
			isa = XCBuildConfiguration;
			buildSettings = {
				ALWAYS_EMBED_SWIFT_STANDARD_LIBRARIES = YES;
				EMBEDDED_CONTENT_CONTAINS_SWIFT = YES;
				FRAMEWORK_SEARCH_PATHS = "$(PLATFORM_DIR)/Developer/Library/Frameworks";
				INFOPLIST_FILE = Graphene.xcodeproj/GrapheneTestSuite_Info.plist;
				LD_RUNPATH_SEARCH_PATHS = "@loader_path/../Frameworks";
				OTHER_LDFLAGS = "$(inherited)";
				OTHER_SWIFT_FLAGS = "$(inherited)";
			};
			name = Release;
		};
		"___DebugConf_Graphene" /* Debug */ = {
			isa = XCBuildConfiguration;
			buildSettings = {
				CLANG_ENABLE_MODULES = YES;
				CODE_SIGN_IDENTITY = "Mac Developer";
				DEFINES_MODULE = YES;
				DEVELOPMENT_TEAM = X946KV89SN;
				ENABLE_TESTABILITY = YES;
				FRAMEWORK_SEARCH_PATHS = "$(PLATFORM_DIR)/Developer/Library/Frameworks";
				INFOPLIST_FILE = Graphene.xcodeproj/Graphene_Info.plist;
				INSTALL_PATH = "@rpath";
				IPHONEOS_DEPLOYMENT_TARGET = 8.1;
				LD_RUNPATH_SEARCH_PATHS = "$(TOOLCHAIN_DIR)/usr/lib/swift/macosx";
				OTHER_LDFLAGS = "$(inherited)";
				OTHER_SWIFT_FLAGS = "$(inherited)";
				PRODUCT_BUNDLE_IDENTIFIER = com.euphonictech.Graphene;
				PRODUCT_MODULE_NAME = "$(TARGET_NAME:c99extidentifier)";
				PRODUCT_NAME = "$(TARGET_NAME:c99extidentifier)";
				SDKROOT = "";
				SWIFT_OPTIMIZATION_LEVEL = "-Onone";
				SWIFT_VERSION = 3.0;
				VALID_ARCHS = "i386 x86_64 arm64 armv7 armv7s";
			};
			name = Debug;
		};
		"___DebugConf_GrapheneTestSuite" /* Debug */ = {
			isa = XCBuildConfiguration;
			buildSettings = {
				ALWAYS_EMBED_SWIFT_STANDARD_LIBRARIES = YES;
				EMBEDDED_CONTENT_CONTAINS_SWIFT = YES;
				FRAMEWORK_SEARCH_PATHS = "$(PLATFORM_DIR)/Developer/Library/Frameworks";
				INFOPLIST_FILE = Graphene.xcodeproj/GrapheneTestSuite_Info.plist;
				LD_RUNPATH_SEARCH_PATHS = "@loader_path/../Frameworks";
				OTHER_LDFLAGS = "$(inherited)";
				OTHER_SWIFT_FLAGS = "$(inherited)";
				SWIFT_OPTIMIZATION_LEVEL = "-Onone";
			};
			name = Debug;
		};
		"_____Release_" /* Release */ = {
			isa = XCBuildConfiguration;
			baseConfigurationReference = __PBXFileRef_Graphene.xcodeproj/Configs/Project.xcconfig /* Project.xcconfig */;
			buildSettings = {
				SDKROOT = iphoneos;
				VALID_ARCHS = "i386 x86_64 arm64 armv7 armv7s";
			};
			name = Release;
		};
		"_______Debug_" /* Debug */ = {
			isa = XCBuildConfiguration;
			baseConfigurationReference = __PBXFileRef_Graphene.xcodeproj/Configs/Project.xcconfig /* Project.xcconfig */;
			buildSettings = {
				SDKROOT = iphoneos;
				VALID_ARCHS = "i386 x86_64 arm64 armv7 armv7s";
			};
			name = Debug;
		};
/* End XCBuildConfiguration section */

/* Begin XCConfigurationList section */
		"___RootConfs_" /* Build configuration list for PBXProject "Graphene" */ = {
			isa = XCConfigurationList;
			buildConfigurations = (
				"_______Debug_" /* Debug */,
				"_____Release_" /* Release */,
			);
			defaultConfigurationIsVisible = 0;
			defaultConfigurationName = Debug;
		};
		"_______Confs_Graphene" /* Build configuration list for PBXNativeTarget "Graphene" */ = {
			isa = XCConfigurationList;
			buildConfigurations = (
				"___DebugConf_Graphene" /* Debug */,
				_ReleaseConf_Graphene /* Release */,
			);
			defaultConfigurationIsVisible = 0;
			defaultConfigurationName = Debug;
		};
		"_______Confs_GrapheneTestSuite" /* Build configuration list for PBXNativeTarget "GrapheneTestSuite" */ = {
			isa = XCConfigurationList;
			buildConfigurations = (
				"___DebugConf_GrapheneTestSuite" /* Debug */,
				_ReleaseConf_GrapheneTestSuite /* Release */,
			);
			defaultConfigurationIsVisible = 0;
			defaultConfigurationName = Debug;
		};
/* End XCConfigurationList section */
	};
	rootObject = __RootObject_ /* Project object */;
}
