// !$*UTF8*$!
{
	archiveVersion = 1;
	classes = {
	};
	objectVersion = 46;
	objects = {

/* Begin PBXBuildFile section */
		8B54AB341DC63051006A222F /* Graphene.swift in Sources */ = {isa = PBXBuildFile; fileRef = 8B54AB331DC63051006A222F /* Graphene.swift */; };
		8BB557BC1DCDE1B600D6202A /* Board.swift in Sources */ = {isa = PBXBuildFile; fileRef = 8BB557B51DCDE1B600D6202A /* Board.swift */; };
		8BB557BD1DCDE1B600D6202A /* BoardBuilder.swift in Sources */ = {isa = PBXBuildFile; fileRef = 8BB557B61DCDE1B600D6202A /* BoardBuilder.swift */; };
		8BB557BE1DCDE1B600D6202A /* BoardMediator.swift in Sources */ = {isa = PBXBuildFile; fileRef = 8BB557B71DCDE1B600D6202A /* BoardMediator.swift */; };
		8BB557BF1DCDE1B600D6202A /* BoardRepresentation.swift in Sources */ = {isa = PBXBuildFile; fileRef = 8BB557B81DCDE1B600D6202A /* BoardRepresentation.swift */; };
		8BB557C01DCDE1B600D6202A /* FasterBitBoard.swift in Sources */ = {isa = PBXBuildFile; fileRef = 8BB557B91DCDE1B600D6202A /* FasterBitBoard.swift */; };
		8BB557C11DCDE1B600D6202A /* SimpleBitBoard.swift in Sources */ = {isa = PBXBuildFile; fileRef = 8BB557BA1DCDE1B600D6202A /* SimpleBitBoard.swift */; };
		8BB557C21DCDE1B600D6202A /* Zones.swift in Sources */ = {isa = PBXBuildFile; fileRef = 8BB557BB1DCDE1B600D6202A /* Zones.swift */; };
		8BB557C41DCDE1C600D6202A /* EdaxProtocol.swift in Sources */ = {isa = PBXBuildFile; fileRef = 8BB557C31DCDE1C600D6202A /* EdaxProtocol.swift */; };
		8BB557C81DCDE1E600D6202A /* ClassicalEvaluator.swift in Sources */ = {isa = PBXBuildFile; fileRef = 8BB557C51DCDE1E600D6202A /* ClassicalEvaluator.swift */; };
		8BB557C91DCDE1E600D6202A /* Evaluator.swift in Sources */ = {isa = PBXBuildFile; fileRef = 8BB557C61DCDE1E600D6202A /* Evaluator.swift */; };
		8BB557CA1DCDE1E600D6202A /* SimpleEvaluator.swift in Sources */ = {isa = PBXBuildFile; fileRef = 8BB557C71DCDE1E600D6202A /* SimpleEvaluator.swift */; };
		8BB557CE1DCDE1FB00D6202A /* intrinsics.c in Sources */ = {isa = PBXBuildFile; fileRef = 8BB557CC1DCDE1FB00D6202A /* intrinsics.c */; };
		8BB557D11DCDE20C00D6202A /* ProofSolver.swift in Sources */ = {isa = PBXBuildFile; fileRef = 8BB557CF1DCDE20C00D6202A /* ProofSolver.swift */; };
		8BB557D21DCDE20C00D6202A /* SimpleProofSolver.swift in Sources */ = {isa = PBXBuildFile; fileRef = 8BB557D01DCDE20C00D6202A /* SimpleProofSolver.swift */; };
		8BB557D51DCDE21C00D6202A /* NegaAlphaSearch.swift in Sources */ = {isa = PBXBuildFile; fileRef = 8BB557D31DCDE21C00D6202A /* NegaAlphaSearch.swift */; };
		8BB557D61DCDE21C00D6202A /* Search.swift in Sources */ = {isa = PBXBuildFile; fileRef = 8BB557D41DCDE21C00D6202A /* Search.swift */; };
		8BB557E01DCDE23700D6202A /* GreedyThink.swift in Sources */ = {isa = PBXBuildFile; fileRef = 8BB557D71DCDE23700D6202A /* GreedyThink.swift */; };
		8BB557E11DCDE23700D6202A /* LeftyThink.swift in Sources */ = {isa = PBXBuildFile; fileRef = 8BB557D81DCDE23700D6202A /* LeftyThink.swift */; };
		8BB557E21DCDE23700D6202A /* RandomWithPNSThink.swift in Sources */ = {isa = PBXBuildFile; fileRef = 8BB557D91DCDE23700D6202A /* RandomWithPNSThink.swift */; };
		8BB557E31DCDE23700D6202A /* RandomWithWeightsThink.swift in Sources */ = {isa = PBXBuildFile; fileRef = 8BB557DA1DCDE23700D6202A /* RandomWithWeightsThink.swift */; };
		8BB557E41DCDE23700D6202A /* SearchEvalThink.swift in Sources */ = {isa = PBXBuildFile; fileRef = 8BB557DB1DCDE23700D6202A /* SearchEvalThink.swift */; };
		8BB557E51DCDE23700D6202A /* SimpleSearchStaticEvaluationThink.swift in Sources */ = {isa = PBXBuildFile; fileRef = 8BB557DC1DCDE23700D6202A /* SimpleSearchStaticEvaluationThink.swift */; };
		8BB557E61DCDE23700D6202A /* SwingThink.swift in Sources */ = {isa = PBXBuildFile; fileRef = 8BB557DD1DCDE23700D6202A /* SwingThink.swift */; };
		8BB557E71DCDE23700D6202A /* Think.swift in Sources */ = {isa = PBXBuildFile; fileRef = 8BB557DE1DCDE23700D6202A /* Think.swift */; };
		8BB557E81DCDE23800D6202A /* TreeSearchWithPerturbationThink.swift in Sources */ = {isa = PBXBuildFile; fileRef = 8BB557DF1DCDE23700D6202A /* TreeSearchWithPerturbationThink.swift */; };
		8BB557EA1DCDE24600D6202A /* Info.swift in Sources */ = {isa = PBXBuildFile; fileRef = 8BB557E91DCDE24600D6202A /* Info.swift */; };
		8BB557ED1DCDE2A400D6202A /* Stack.swift in Sources */ = {isa = PBXBuildFile; fileRef = 8BB557EB1DCDE2A400D6202A /* Stack.swift */; };
		8BB557EE1DCDE2A400D6202A /* Utils.swift in Sources */ = {isa = PBXBuildFile; fileRef = 8BB557EC1DCDE2A400D6202A /* Utils.swift */; };
		_LinkFileRef_Graphene_via_GrapheneTestSuite /* Graphene.framework in Frameworks */ = {isa = PBXBuildFile; fileRef = "_____Product_Graphene" /* Graphene.framework */; };
		__src_cc_ref_Tests/Graphene/GrapheneTests.swift /* GrapheneTests.swift in Sources */ = {isa = PBXBuildFile; fileRef = __PBXFileRef_Tests/Graphene/GrapheneTests.swift /* GrapheneTests.swift */; };
/* End PBXBuildFile section */

/* Begin PBXContainerItemProxy section */
		8B1136361DC621AB002F2748 /* PBXContainerItemProxy */ = {
			isa = PBXContainerItemProxy;
			containerPortal = __RootObject_ /* Project object */;
			proxyType = 1;
			remoteGlobalIDString = "______Target_Graphene";
			remoteInfo = Graphene;
		};
/* End PBXContainerItemProxy section */

/* Begin PBXFileReference section */
		8B11364F1DC621D3002F2748 /* Swift_Bridging_Header.h */ = {isa = PBXFileReference; lastKnownFileType = sourcecode.c.h; path = Swift_Bridging_Header.h; sourceTree = "<group>"; };
		8B54AB331DC63051006A222F /* Graphene.swift */ = {isa = PBXFileReference; fileEncoding = 4; lastKnownFileType = sourcecode.swift; path = Graphene.swift; sourceTree = "<group>"; };
		8BB557B51DCDE1B600D6202A /* Board.swift */ = {isa = PBXFileReference; fileEncoding = 4; lastKnownFileType = sourcecode.swift; name = Board.swift; path = Sources/Board.swift; sourceTree = SOURCE_ROOT; };
		8BB557B61DCDE1B600D6202A /* BoardBuilder.swift */ = {isa = PBXFileReference; fileEncoding = 4; lastKnownFileType = sourcecode.swift; name = BoardBuilder.swift; path = Sources/BoardBuilder.swift; sourceTree = SOURCE_ROOT; };
		8BB557B71DCDE1B600D6202A /* BoardMediator.swift */ = {isa = PBXFileReference; fileEncoding = 4; lastKnownFileType = sourcecode.swift; name = BoardMediator.swift; path = Sources/BoardMediator.swift; sourceTree = SOURCE_ROOT; };
		8BB557B81DCDE1B600D6202A /* BoardRepresentation.swift */ = {isa = PBXFileReference; fileEncoding = 4; lastKnownFileType = sourcecode.swift; name = BoardRepresentation.swift; path = Sources/BoardRepresentation.swift; sourceTree = SOURCE_ROOT; };
		8BB557B91DCDE1B600D6202A /* FasterBitBoard.swift */ = {isa = PBXFileReference; fileEncoding = 4; lastKnownFileType = sourcecode.swift; name = FasterBitBoard.swift; path = Sources/FasterBitBoard.swift; sourceTree = SOURCE_ROOT; };
		8BB557BA1DCDE1B600D6202A /* SimpleBitBoard.swift */ = {isa = PBXFileReference; fileEncoding = 4; lastKnownFileType = sourcecode.swift; name = SimpleBitBoard.swift; path = Sources/SimpleBitBoard.swift; sourceTree = SOURCE_ROOT; };
		8BB557BB1DCDE1B600D6202A /* Zones.swift */ = {isa = PBXFileReference; fileEncoding = 4; lastKnownFileType = sourcecode.swift; name = Zones.swift; path = Sources/Zones.swift; sourceTree = SOURCE_ROOT; };
		8BB557C31DCDE1C600D6202A /* EdaxProtocol.swift */ = {isa = PBXFileReference; fileEncoding = 4; lastKnownFileType = sourcecode.swift; name = EdaxProtocol.swift; path = Sources/EdaxProtocol.swift; sourceTree = SOURCE_ROOT; };
		8BB557C51DCDE1E600D6202A /* ClassicalEvaluator.swift */ = {isa = PBXFileReference; fileEncoding = 4; lastKnownFileType = sourcecode.swift; name = ClassicalEvaluator.swift; path = Sources/ClassicalEvaluator.swift; sourceTree = SOURCE_ROOT; };
		8BB557C61DCDE1E600D6202A /* Evaluator.swift */ = {isa = PBXFileReference; fileEncoding = 4; lastKnownFileType = sourcecode.swift; name = Evaluator.swift; path = Sources/Evaluator.swift; sourceTree = SOURCE_ROOT; };
		8BB557C71DCDE1E600D6202A /* SimpleEvaluator.swift */ = {isa = PBXFileReference; fileEncoding = 4; lastKnownFileType = sourcecode.swift; name = SimpleEvaluator.swift; path = Sources/SimpleEvaluator.swift; sourceTree = SOURCE_ROOT; };
		8BB557CB1DCDE1FB00D6202A /* Graphene-Bridging-Header.h */ = {isa = PBXFileReference; fileEncoding = 4; lastKnownFileType = sourcecode.c.h; name = "Graphene-Bridging-Header.h"; path = "Sources/Graphene-Bridging-Header.h"; sourceTree = SOURCE_ROOT; };
		8BB557CC1DCDE1FB00D6202A /* intrinsics.c */ = {isa = PBXFileReference; fileEncoding = 4; lastKnownFileType = sourcecode.c.c; name = intrinsics.c; path = Sources/intrinsics.c; sourceTree = SOURCE_ROOT; };
		8BB557CD1DCDE1FB00D6202A /* intrinsics.h */ = {isa = PBXFileReference; fileEncoding = 4; lastKnownFileType = sourcecode.c.h; name = intrinsics.h; path = Sources/intrinsics.h; sourceTree = SOURCE_ROOT; };
		8BB557CF1DCDE20C00D6202A /* ProofSolver.swift */ = {isa = PBXFileReference; fileEncoding = 4; lastKnownFileType = sourcecode.swift; name = ProofSolver.swift; path = Sources/ProofSolver.swift; sourceTree = SOURCE_ROOT; };
		8BB557D01DCDE20C00D6202A /* SimpleProofSolver.swift */ = {isa = PBXFileReference; fileEncoding = 4; lastKnownFileType = sourcecode.swift; name = SimpleProofSolver.swift; path = Sources/SimpleProofSolver.swift; sourceTree = SOURCE_ROOT; };
		8BB557D31DCDE21C00D6202A /* NegaAlphaSearch.swift */ = {isa = PBXFileReference; fileEncoding = 4; lastKnownFileType = sourcecode.swift; name = NegaAlphaSearch.swift; path = Sources/NegaAlphaSearch.swift; sourceTree = SOURCE_ROOT; };
		8BB557D41DCDE21C00D6202A /* Search.swift */ = {isa = PBXFileReference; fileEncoding = 4; lastKnownFileType = sourcecode.swift; name = Search.swift; path = Sources/Search.swift; sourceTree = SOURCE_ROOT; };
		8BB557D71DCDE23700D6202A /* GreedyThink.swift */ = {isa = PBXFileReference; fileEncoding = 4; lastKnownFileType = sourcecode.swift; name = GreedyThink.swift; path = Sources/GreedyThink.swift; sourceTree = SOURCE_ROOT; };
		8BB557D81DCDE23700D6202A /* LeftyThink.swift */ = {isa = PBXFileReference; fileEncoding = 4; lastKnownFileType = sourcecode.swift; name = LeftyThink.swift; path = Sources/LeftyThink.swift; sourceTree = SOURCE_ROOT; };
		8BB557D91DCDE23700D6202A /* RandomWithPNSThink.swift */ = {isa = PBXFileReference; fileEncoding = 4; lastKnownFileType = sourcecode.swift; name = RandomWithPNSThink.swift; path = Sources/RandomWithPNSThink.swift; sourceTree = SOURCE_ROOT; };
		8BB557DA1DCDE23700D6202A /* RandomWithWeightsThink.swift */ = {isa = PBXFileReference; fileEncoding = 4; lastKnownFileType = sourcecode.swift; name = RandomWithWeightsThink.swift; path = Sources/RandomWithWeightsThink.swift; sourceTree = SOURCE_ROOT; };
		8BB557DB1DCDE23700D6202A /* SearchEvalThink.swift */ = {isa = PBXFileReference; fileEncoding = 4; lastKnownFileType = sourcecode.swift; name = SearchEvalThink.swift; path = Sources/SearchEvalThink.swift; sourceTree = SOURCE_ROOT; };
		8BB557DC1DCDE23700D6202A /* SimpleSearchStaticEvaluationThink.swift */ = {isa = PBXFileReference; fileEncoding = 4; lastKnownFileType = sourcecode.swift; name = SimpleSearchStaticEvaluationThink.swift; path = Sources/SimpleSearchStaticEvaluationThink.swift; sourceTree = SOURCE_ROOT; };
		8BB557DD1DCDE23700D6202A /* SwingThink.swift */ = {isa = PBXFileReference; fileEncoding = 4; lastKnownFileType = sourcecode.swift; name = SwingThink.swift; path = Sources/SwingThink.swift; sourceTree = SOURCE_ROOT; };
		8BB557DE1DCDE23700D6202A /* Think.swift */ = {isa = PBXFileReference; fileEncoding = 4; lastKnownFileType = sourcecode.swift; name = Think.swift; path = Sources/Think.swift; sourceTree = SOURCE_ROOT; };
		8BB557DF1DCDE23700D6202A /* TreeSearchWithPerturbationThink.swift */ = {isa = PBXFileReference; fileEncoding = 4; lastKnownFileType = sourcecode.swift; name = TreeSearchWithPerturbationThink.swift; path = Sources/TreeSearchWithPerturbationThink.swift; sourceTree = SOURCE_ROOT; };
		8BB557E91DCDE24600D6202A /* Info.swift */ = {isa = PBXFileReference; fileEncoding = 4; lastKnownFileType = sourcecode.swift; name = Info.swift; path = Sources/Info.swift; sourceTree = SOURCE_ROOT; };
		8BB557EB1DCDE2A400D6202A /* Stack.swift */ = {isa = PBXFileReference; fileEncoding = 4; lastKnownFileType = sourcecode.swift; name = Stack.swift; path = Sources/Stack.swift; sourceTree = SOURCE_ROOT; };
		8BB557EC1DCDE2A400D6202A /* Utils.swift */ = {isa = PBXFileReference; fileEncoding = 4; lastKnownFileType = sourcecode.swift; name = Utils.swift; path = Sources/Utils.swift; sourceTree = SOURCE_ROOT; };
		__PBXFileRef_Graphene.xcodeproj/Configs/Project.xcconfig /* Project.xcconfig */ = {isa = PBXFileReference; lastKnownFileType = text.xcconfig; name = Project.xcconfig; path = Graphene.xcodeproj/Configs/Project.xcconfig; sourceTree = "<group>"; };
		__PBXFileRef_GrapheneTestSuite_Info.plist /* GrapheneTestSuite_Info.plist */ = {isa = PBXFileReference; lastKnownFileType = text.plist.xml; name = GrapheneTestSuite_Info.plist; path = Graphene.xcodeproj/GrapheneTestSuite_Info.plist; sourceTree = SOURCE_ROOT; };
		__PBXFileRef_Graphene_Info.plist /* Graphene_Info.plist */ = {isa = PBXFileReference; lastKnownFileType = text.plist.xml; name = Graphene_Info.plist; path = Graphene.xcodeproj/Graphene_Info.plist; sourceTree = SOURCE_ROOT; };
		__PBXFileRef_Package.swift /* Package.swift */ = {isa = PBXFileReference; lastKnownFileType = sourcecode.swift; path = Package.swift; sourceTree = "<group>"; };
		__PBXFileRef_Tests/Graphene/GrapheneTests.swift /* GrapheneTests.swift */ = {isa = PBXFileReference; lastKnownFileType = sourcecode.swift; path = GrapheneTests.swift; sourceTree = "<group>"; };
		"_____Product_Graphene" /* Graphene.framework */ = {isa = PBXFileReference; explicitFileType = wrapper.framework; path = Graphene.framework; sourceTree = BUILT_PRODUCTS_DIR; };
		"_____Product_GrapheneTestSuite" /* GrapheneTestSuite.xctest */ = {isa = PBXFileReference; explicitFileType = wrapper.cfbundle; path = GrapheneTestSuite.xctest; sourceTree = BUILT_PRODUCTS_DIR; };
/* End PBXFileReference section */

/* Begin PBXFrameworksBuildPhase section */
		"___LinkPhase_Graphene" /* Frameworks */ = {
			isa = PBXFrameworksBuildPhase;
			buildActionMask = 0;
			files = (
			);
			runOnlyForDeploymentPostprocessing = 0;
		};
		"___LinkPhase_GrapheneTestSuite" /* Frameworks */ = {
			isa = PBXFrameworksBuildPhase;
			buildActionMask = 0;
			files = (
				_LinkFileRef_Graphene_via_GrapheneTestSuite /* Graphene.framework in Frameworks */,
			);
			runOnlyForDeploymentPostprocessing = 0;
		};
/* End PBXFrameworksBuildPhase section */

/* Begin PBXGroup section */
		8B1136371DC621D3002F2748 /* Board */ = {
			isa = PBXGroup;
			children = (
				8BB557B51DCDE1B600D6202A /* Board.swift */,
				8BB557B61DCDE1B600D6202A /* BoardBuilder.swift */,
				8BB557B71DCDE1B600D6202A /* BoardMediator.swift */,
				8BB557B81DCDE1B600D6202A /* BoardRepresentation.swift */,
				8BB557B91DCDE1B600D6202A /* FasterBitBoard.swift */,
				8BB557BA1DCDE1B600D6202A /* SimpleBitBoard.swift */,
				8BB557BB1DCDE1B600D6202A /* Zones.swift */,
			);
			path = Board;
			sourceTree = "<group>";
		};
		8B11363F1DC621D3002F2748 /* Communication */ = {
			isa = PBXGroup;
			children = (
				8BB557C31DCDE1C600D6202A /* EdaxProtocol.swift */,
			);
			path = Communication;
			sourceTree = "<group>";
		};
		8B1136411DC621D3002F2748 /* Evaluator */ = {
			isa = PBXGroup;
			children = (
				8BB557C51DCDE1E600D6202A /* ClassicalEvaluator.swift */,
				8BB557C61DCDE1E600D6202A /* Evaluator.swift */,
				8BB557C71DCDE1E600D6202A /* SimpleEvaluator.swift */,
			);
			path = Evaluator;
			sourceTree = "<group>";
		};
		8B1136451DC621D3002F2748 /* Intrinsics */ = {
			isa = PBXGroup;
			children = (
				8BB557CB1DCDE1FB00D6202A /* Graphene-Bridging-Header.h */,
				8BB557CC1DCDE1FB00D6202A /* intrinsics.c */,
				8BB557CD1DCDE1FB00D6202A /* intrinsics.h */,
			);
			path = Intrinsics;
			sourceTree = "<group>";
		};
		8B1136491DC621D3002F2748 /* ProofSolver */ = {
			isa = PBXGroup;
			children = (
				8BB557CF1DCDE20C00D6202A /* ProofSolver.swift */,
				8BB557D01DCDE20C00D6202A /* SimpleProofSolver.swift */,
			);
			path = ProofSolver;
			sourceTree = "<group>";
		};
		8B11364C1DC621D3002F2748 /* Search */ = {
			isa = PBXGroup;
			children = (
				8BB557D31DCDE21C00D6202A /* NegaAlphaSearch.swift */,
				8BB557D41DCDE21C00D6202A /* Search.swift */,
			);
			path = Search;
			sourceTree = "<group>";
		};
		8B1136501DC621D3002F2748 /* Think */ = {
			isa = PBXGroup;
			children = (
				8BB557E91DCDE24600D6202A /* Info.swift */,
				8BB557DA1DCDE23700D6202A /* RandomWithWeightsThink.swift */,
				8BB557DE1DCDE23700D6202A /* Think.swift */,
				8BB557D91DCDE23700D6202A /* RandomWithPNSThink.swift */,
				8BB557D71DCDE23700D6202A /* GreedyThink.swift */,
				8BB557DC1DCDE23700D6202A /* SimpleSearchStaticEvaluationThink.swift */,
				8BB557DB1DCDE23700D6202A /* SearchEvalThink.swift */,
				8BB557DF1DCDE23700D6202A /* TreeSearchWithPerturbationThink.swift */,
				8BB557D81DCDE23700D6202A /* LeftyThink.swift */,
				8BB557DD1DCDE23700D6202A /* SwingThink.swift */,
			);
			path = Think;
			sourceTree = "<group>";
		};
		8B1136541DC621D3002F2748 /* Utils */ = {
			isa = PBXGroup;
			children = (
				8BB557EB1DCDE2A400D6202A /* Stack.swift */,
				8BB557EC1DCDE2A400D6202A /* Utils.swift */,
			);
			path = Utils;
			sourceTree = "<group>";
		};
		TestProducts_ /* Tests */ = {
			isa = PBXGroup;
			children = (
				"_____Product_GrapheneTestSuite" /* GrapheneTestSuite.xctest */,
			);
			name = Tests;
			sourceTree = "<group>";
		};
		"___RootGroup_" = {
			isa = PBXGroup;
			children = (
				__PBXFileRef_Package.swift /* Package.swift */,
				"_____Configs_" /* Configs */,
				"_____Sources_" /* Sources */,
				"_______Tests_" /* Tests */,
				"____Products_" /* Products */,
			);
			sourceTree = "<group>";
		};
		"____Products_" /* Products */ = {
			isa = PBXGroup;
			children = (
				TestProducts_ /* Tests */,
				"_____Product_Graphene" /* Graphene.framework */,
			);
			name = Products;
			sourceTree = "<group>";
		};
		"_____Configs_" /* Configs */ = {
			isa = PBXGroup;
			children = (
				__PBXFileRef_Graphene.xcodeproj/Configs/Project.xcconfig /* Project.xcconfig */,
			);
			name = Configs;
			sourceTree = "<group>";
		};
		"_____Sources_" /* Sources */ = {
			isa = PBXGroup;
			children = (
				"_______Group_Graphene" /* Graphene */,
			);
			name = Sources;
			sourceTree = "<group>";
		};
		"_______Group_Graphene" /* Graphene */ = {
			isa = PBXGroup;
			children = (
				8B54AB331DC63051006A222F /* Graphene.swift */,
				8B1136371DC621D3002F2748 /* Board */,
				8B11363F1DC621D3002F2748 /* Communication */,
				8B1136411DC621D3002F2748 /* Evaluator */,
				8B1136451DC621D3002F2748 /* Intrinsics */,
				8B1136491DC621D3002F2748 /* ProofSolver */,
				8B11364C1DC621D3002F2748 /* Search */,
				8B11364F1DC621D3002F2748 /* Swift_Bridging_Header.h */,
				8B1136501DC621D3002F2748 /* Think */,
				8B1136541DC621D3002F2748 /* Utils */,
				__PBXFileRef_Graphene_Info.plist /* Graphene_Info.plist */,
			);
			name = Graphene;
			path = Sources;
			sourceTree = "<group>";
		};
		"_______Group_GrapheneTestSuite" /* GrapheneTestSuite */ = {
			isa = PBXGroup;
			children = (
				__PBXFileRef_Tests/Graphene/GrapheneTests.swift /* GrapheneTests.swift */,
				__PBXFileRef_GrapheneTestSuite_Info.plist /* GrapheneTestSuite_Info.plist */,
			);
			name = GrapheneTestSuite;
			path = Tests/Graphene;
			sourceTree = "<group>";
		};
		"_______Tests_" /* Tests */ = {
			isa = PBXGroup;
			children = (
				"_______Group_GrapheneTestSuite" /* GrapheneTestSuite */,
			);
			name = Tests;
			sourceTree = "<group>";
		};
/* End PBXGroup section */

/* Begin PBXNativeTarget section */
		"______Target_Graphene" /* Graphene */ = {
			isa = PBXNativeTarget;
			buildConfigurationList = "_______Confs_Graphene" /* Build configuration list for PBXNativeTarget "Graphene" */;
			buildPhases = (
				CompilePhase_Graphene /* Sources */,
				"___LinkPhase_Graphene" /* Frameworks */,
			);
			buildRules = (
			);
			dependencies = (
			);
			name = Graphene;
			productName = Graphene;
			productReference = "_____Product_Graphene" /* Graphene.framework */;
			productType = "com.apple.product-type.framework";
		};
		"______Target_GrapheneTestSuite" /* GrapheneTestSuite */ = {
			isa = PBXNativeTarget;
			buildConfigurationList = "_______Confs_GrapheneTestSuite" /* Build configuration list for PBXNativeTarget "GrapheneTestSuite" */;
			buildPhases = (
				CompilePhase_GrapheneTestSuite /* Sources */,
				"___LinkPhase_GrapheneTestSuite" /* Frameworks */,
			);
			buildRules = (
			);
			dependencies = (
				__Dependency_Graphene /* PBXTargetDependency */,
			);
			name = GrapheneTestSuite;
			productName = GrapheneTestSuite;
			productReference = "_____Product_GrapheneTestSuite" /* GrapheneTestSuite.xctest */;
			productType = "com.apple.product-type.bundle.unit-test";
		};
/* End PBXNativeTarget section */

/* Begin PBXProject section */
		__RootObject_ /* Project object */ = {
			isa = PBXProject;
			attributes = {
				LastUpgradeCheck = 9999;
				TargetAttributes = {
					"______Target_Graphene" = {
						DevelopmentTeam = X946KV89SN;
						LastSwiftMigration = 0810;
						ProvisioningStyle = Manual;
					};
				};
			};
			buildConfigurationList = "___RootConfs_" /* Build configuration list for PBXProject "Graphene" */;
			compatibilityVersion = "Xcode 3.2";
			developmentRegion = English;
			hasScannedForEncodings = 0;
			knownRegions = (
				en,
			);
			mainGroup = "___RootGroup_";
			productRefGroup = "____Products_" /* Products */;
			projectDirPath = "";
			projectRoot = "";
			targets = (
				"______Target_Graphene" /* Graphene */,
				"______Target_GrapheneTestSuite" /* GrapheneTestSuite */,
			);
		};
/* End PBXProject section */

/* Begin PBXSourcesBuildPhase section */
		CompilePhase_Graphene /* Sources */ = {
			isa = PBXSourcesBuildPhase;
			buildActionMask = 0;
			files = (
				8BB557BC1DCDE1B600D6202A /* Board.swift in Sources */,
				8BB557E31DCDE23700D6202A /* RandomWithWeightsThink.swift in Sources */,
				8BB557C11DCDE1B600D6202A /* SimpleBitBoard.swift in Sources */,
				8BB557EA1DCDE24600D6202A /* Info.swift in Sources */,
				8BB557E41DCDE23700D6202A /* SearchEvalThink.swift in Sources */,
				8BB557E81DCDE23800D6202A /* TreeSearchWithPerturbationThink.swift in Sources */,
				8BB557C91DCDE1E600D6202A /* Evaluator.swift in Sources */,
				8BB557E01DCDE23700D6202A /* GreedyThink.swift in Sources */,
				8BB557E71DCDE23700D6202A /* Think.swift in Sources */,
				8B54AB341DC63051006A222F /* Graphene.swift in Sources */,
				8BB557BE1DCDE1B600D6202A /* BoardMediator.swift in Sources */,
				8BB557CA1DCDE1E600D6202A /* SimpleEvaluator.swift in Sources */,
				8BB557E61DCDE23700D6202A /* SwingThink.swift in Sources */,
				8BB557E51DCDE23700D6202A /* SimpleSearchStaticEvaluationThink.swift in Sources */,
				8BB557BD1DCDE1B600D6202A /* BoardBuilder.swift in Sources */,
				8BB557D61DCDE21C00D6202A /* Search.swift in Sources */,
				8BB557ED1DCDE2A400D6202A /* Stack.swift in Sources */,
				8BB557BF1DCDE1B600D6202A /* BoardRepresentation.swift in Sources */,
				8BB557D11DCDE20C00D6202A /* ProofSolver.swift in Sources */,
				8BB557C81DCDE1E600D6202A /* ClassicalEvaluator.swift in Sources */,
				8BB557EE1DCDE2A400D6202A /* Utils.swift in Sources */,
				8BB557C41DCDE1C600D6202A /* EdaxProtocol.swift in Sources */,
				8BB557D51DCDE21C00D6202A /* NegaAlphaSearch.swift in Sources */,
				8BB557E11DCDE23700D6202A /* LeftyThink.swift in Sources */,
				8BB557CE1DCDE1FB00D6202A /* intrinsics.c in Sources */,
				8BB557D21DCDE20C00D6202A /* SimpleProofSolver.swift in Sources */,
				8BB557C21DCDE1B600D6202A /* Zones.swift in Sources */,
				8BB557C01DCDE1B600D6202A /* FasterBitBoard.swift in Sources */,
				8BB557E21DCDE23700D6202A /* RandomWithPNSThink.swift in Sources */,
			);
			runOnlyForDeploymentPostprocessing = 0;
		};
		CompilePhase_GrapheneTestSuite /* Sources */ = {
			isa = PBXSourcesBuildPhase;
			buildActionMask = 0;
			files = (
				__src_cc_ref_Tests/Graphene/GrapheneTests.swift /* GrapheneTests.swift in Sources */,
			);
			runOnlyForDeploymentPostprocessing = 0;
		};
/* End PBXSourcesBuildPhase section */

/* Begin PBXTargetDependency section */
		__Dependency_Graphene /* PBXTargetDependency */ = {
			isa = PBXTargetDependency;
			target = "______Target_Graphene" /* Graphene */;
			targetProxy = 8B1136361DC621AB002F2748 /* PBXContainerItemProxy */;
		};
/* End PBXTargetDependency section */

/* Begin XCBuildConfiguration section */
		_ReleaseConf_Graphene /* Release */ = {
			isa = XCBuildConfiguration;
			buildSettings = {
				CLANG_ENABLE_MODULES = YES;
				CODE_SIGN_IDENTITY = "Mac Developer";
				DEFINES_MODULE = YES;
				DEVELOPMENT_TEAM = X946KV89SN;
				ENABLE_TESTABILITY = YES;
				FRAMEWORK_SEARCH_PATHS = "$(PLATFORM_DIR)/Developer/Library/Frameworks";
				INFOPLIST_FILE = Graphene.xcodeproj/Graphene_Info.plist;
				INSTALL_PATH = "@rpath";
				IPHONEOS_DEPLOYMENT_TARGET = 8.1;
				LD_RUNPATH_SEARCH_PATHS = "$(TOOLCHAIN_DIR)/usr/lib/swift/macosx";
				OTHER_LDFLAGS = "$(inherited)";
				OTHER_SWIFT_FLAGS = "$(inherited)";
				PRODUCT_BUNDLE_IDENTIFIER = com.euphonictech.Graphene;
				PRODUCT_MODULE_NAME = "$(TARGET_NAME:c99extidentifier)";
				PRODUCT_NAME = "$(TARGET_NAME:c99extidentifier)";
				SDKROOT = "";
				SWIFT_VERSION = 3.0;
				VALID_ARCHS = "i386 x86_64 arm64 armv7 armv7s";
			};
			name = Release;
		};
		_ReleaseConf_GrapheneTestSuite /* Release */ = {
			isa = XCBuildConfiguration;
			buildSettings = {
				ALWAYS_EMBED_SWIFT_STANDARD_LIBRARIES = YES;
				EMBEDDED_CONTENT_CONTAINS_SWIFT = YES;
				FRAMEWORK_SEARCH_PATHS = "$(PLATFORM_DIR)/Developer/Library/Frameworks";
				INFOPLIST_FILE = Graphene.xcodeproj/GrapheneTestSuite_Info.plist;
				LD_RUNPATH_SEARCH_PATHS = "@loader_path/../Frameworks";
				OTHER_LDFLAGS = "$(inherited)";
				OTHER_SWIFT_FLAGS = "$(inherited)";
			};
			name = Release;
		};
		"___DebugConf_Graphene" /* Debug */ = {
			isa = XCBuildConfiguration;
			buildSettings = {
				CLANG_ENABLE_MODULES = YES;
				CODE_SIGN_IDENTITY = "Mac Developer";
				DEFINES_MODULE = YES;
				DEVELOPMENT_TEAM = X946KV89SN;
				ENABLE_TESTABILITY = YES;
				FRAMEWORK_SEARCH_PATHS = "$(PLATFORM_DIR)/Developer/Library/Frameworks";
				INFOPLIST_FILE = Graphene.xcodeproj/Graphene_Info.plist;
				INSTALL_PATH = "@rpath";
				IPHONEOS_DEPLOYMENT_TARGET = 8.1;
				LD_RUNPATH_SEARCH_PATHS = "$(TOOLCHAIN_DIR)/usr/lib/swift/macosx";
				OTHER_LDFLAGS = "$(inherited)";
				OTHER_SWIFT_FLAGS = "$(inherited)";
				PRODUCT_BUNDLE_IDENTIFIER = com.euphonictech.Graphene;
				PRODUCT_MODULE_NAME = "$(TARGET_NAME:c99extidentifier)";
				PRODUCT_NAME = "$(TARGET_NAME:c99extidentifier)";
				SDKROOT = "";
				SWIFT_OPTIMIZATION_LEVEL = "-Onone";
				SWIFT_VERSION = 3.0;
				VALID_ARCHS = "i386 x86_64 arm64 armv7 armv7s";
			};
			name = Debug;
		};
		"___DebugConf_GrapheneTestSuite" /* Debug */ = {
			isa = XCBuildConfiguration;
			buildSettings = {
				ALWAYS_EMBED_SWIFT_STANDARD_LIBRARIES = YES;
				EMBEDDED_CONTENT_CONTAINS_SWIFT = YES;
				FRAMEWORK_SEARCH_PATHS = "$(PLATFORM_DIR)/Developer/Library/Frameworks";
				INFOPLIST_FILE = Graphene.xcodeproj/GrapheneTestSuite_Info.plist;
				LD_RUNPATH_SEARCH_PATHS = "@loader_path/../Frameworks";
				OTHER_LDFLAGS = "$(inherited)";
				OTHER_SWIFT_FLAGS = "$(inherited)";
				SWIFT_OPTIMIZATION_LEVEL = "-Onone";
			};
			name = Debug;
		};
		"_____Release_" /* Release */ = {
			isa = XCBuildConfiguration;
			baseConfigurationReference = __PBXFileRef_Graphene.xcodeproj/Configs/Project.xcconfig /* Project.xcconfig */;
			buildSettings = {
				SDKROOT = iphoneos;
				VALID_ARCHS = "i386 x86_64 arm64 armv7 armv7s";
			};
			name = Release;
		};
		"_______Debug_" /* Debug */ = {
			isa = XCBuildConfiguration;
			baseConfigurationReference = __PBXFileRef_Graphene.xcodeproj/Configs/Project.xcconfig /* Project.xcconfig */;
			buildSettings = {
				SDKROOT = iphoneos;
				VALID_ARCHS = "i386 x86_64 arm64 armv7 armv7s";
			};
			name = Debug;
		};
/* End XCBuildConfiguration section */

/* Begin XCConfigurationList section */
		"___RootConfs_" /* Build configuration list for PBXProject "Graphene" */ = {
			isa = XCConfigurationList;
			buildConfigurations = (
				"_______Debug_" /* Debug */,
				"_____Release_" /* Release */,
			);
			defaultConfigurationIsVisible = 0;
			defaultConfigurationName = Debug;
		};
		"_______Confs_Graphene" /* Build configuration list for PBXNativeTarget "Graphene" */ = {
			isa = XCConfigurationList;
			buildConfigurations = (
				"___DebugConf_Graphene" /* Debug */,
				_ReleaseConf_Graphene /* Release */,
			);
			defaultConfigurationIsVisible = 0;
			defaultConfigurationName = Debug;
		};
		"_______Confs_GrapheneTestSuite" /* Build configuration list for PBXNativeTarget "GrapheneTestSuite" */ = {
			isa = XCConfigurationList;
			buildConfigurations = (
				"___DebugConf_GrapheneTestSuite" /* Debug */,
				_ReleaseConf_GrapheneTestSuite /* Release */,
			);
			defaultConfigurationIsVisible = 0;
			defaultConfigurationName = Debug;
		};
/* End XCConfigurationList section */
	};
	rootObject = __RootObject_ /* Project object */;
}
